// !$*UTF8*$!
{
	archiveVersion = 1;
	classes = {
	};
	objectVersion = 46;
	objects = {

/* Begin PBXBuildFile section */
		CC03C25A1D6052FD00AC1449 /* main.m in Sources */ = {isa = PBXBuildFile; fileRef = CC03C2591D6052FD00AC1449 /* main.m */; };
		CC03C25D1D6052FD00AC1449 /* AppDelegate.m in Sources */ = {isa = PBXBuildFile; fileRef = CC03C25C1D6052FD00AC1449 /* AppDelegate.m */; };
		CC03C2601D6052FD00AC1449 /* ViewController.m in Sources */ = {isa = PBXBuildFile; fileRef = CC03C25F1D6052FD00AC1449 /* ViewController.m */; };
		CC03C2631D6052FD00AC1449 /* Main.storyboard in Resources */ = {isa = PBXBuildFile; fileRef = CC03C2611D6052FD00AC1449 /* Main.storyboard */; };
		CC03C2651D6052FD00AC1449 /* Assets.xcassets in Resources */ = {isa = PBXBuildFile; fileRef = CC03C2641D6052FD00AC1449 /* Assets.xcassets */; };
		CC03C2681D6052FD00AC1449 /* LaunchScreen.storyboard in Resources */ = {isa = PBXBuildFile; fileRef = CC03C2661D6052FD00AC1449 /* LaunchScreen.storyboard */; };
/* End PBXBuildFile section */

/* Begin PBXFileReference section */
		CC03C2551D6052FD00AC1449 /* NewProject.app */ = {isa = PBXFileReference; explicitFileType = wrapper.application; includeInIndex = 0; path = NewProject.app; sourceTree = BUILT_PRODUCTS_DIR; };
		CC03C2591D6052FD00AC1449 /* main.m */ = {isa = PBXFileReference; lastKnownFileType = sourcecode.c.objc; path = main.m; sourceTree = "<group>"; };
		CC03C25B1D6052FD00AC1449 /* AppDelegate.h */ = {isa = PBXFileReference; lastKnownFileType = sourcecode.c.h; path = AppDelegate.h; sourceTree = "<group>"; };
		CC03C25C1D6052FD00AC1449 /* AppDelegate.m */ = {isa = PBXFileReference; lastKnownFileType = sourcecode.c.objc; path = AppDelegate.m; sourceTree = "<group>"; };
		CC03C25E1D6052FD00AC1449 /* ViewController.h */ = {isa = PBXFileReference; lastKnownFileType = sourcecode.c.h; path = ViewController.h; sourceTree = "<group>"; };
		CC03C25F1D6052FD00AC1449 /* ViewController.m */ = {isa = PBXFileReference; lastKnownFileType = sourcecode.c.objc; path = ViewController.m; sourceTree = "<group>"; };
		CC03C2621D6052FD00AC1449 /* Base */ = {isa = PBXFileReference; lastKnownFileType = file.storyboard; name = Base; path = Base.lproj/Main.storyboard; sourceTree = "<group>"; };
		CC03C2641D6052FD00AC1449 /* Assets.xcassets */ = {isa = PBXFileReference; lastKnownFileType = folder.assetcatalog; path = Assets.xcassets; sourceTree = "<group>"; };
		CC03C2671D6052FD00AC1449 /* Base */ = {isa = PBXFileReference; lastKnownFileType = file.storyboard; name = Base; path = Base.lproj/LaunchScreen.storyboard; sourceTree = "<group>"; };
		CC03C2691D6052FD00AC1449 /* Info.plist */ = {isa = PBXFileReference; lastKnownFileType = text.plist.xml; path = Info.plist; sourceTree = "<group>"; };
/* End PBXFileReference section */

/* Begin PBXFrameworksBuildPhase section */
		CC03C2521D6052FD00AC1449 /* Frameworks */ = {
			isa = PBXFrameworksBuildPhase;
			buildActionMask = 2147483647;
			files = (
			);
			runOnlyForDeploymentPostprocessing = 0;
		};
/* End PBXFrameworksBuildPhase section */

/* Begin PBXGroup section */
		CC03C24C1D6052FD00AC1449 = {
			isa = PBXGroup;
			children = (
				CC03C2571D6052FD00AC1449 /* NewProject */,
				CC03C2561D6052FD00AC1449 /* Products */,
			);
			sourceTree = "<group>";
		};
		CC03C2561D6052FD00AC1449 /* Products */ = {
			isa = PBXGroup;
			children = (
				CC03C2551D6052FD00AC1449 /* NewProject.app */,
			);
			name = Products;
			sourceTree = "<group>";
		};
		CC03C2571D6052FD00AC1449 /* NewProject */ = {
			isa = PBXGroup;
			children = (
				CC03C26F1D605AD200AC1449 /* Class */,
				CC03C2801D605AD200AC1449 /* Class1 */,
				CC03C2911D605AD200AC1449 /* Class2 */,
				CC03C2A21D605AD200AC1449 /* Class3 */,
				CC03C2B31D605AD200AC1449 /* Class4 */,
				CC03C25B1D6052FD00AC1449 /* AppDelegate.h */,
				CC03C25C1D6052FD00AC1449 /* AppDelegate.m */,
				CC03C25E1D6052FD00AC1449 /* ViewController.h */,
				CC03C25F1D6052FD00AC1449 /* ViewController.m */,
				CC03C2611D6052FD00AC1449 /* Main.storyboard */,
				CC03C2641D6052FD00AC1449 /* Assets.xcassets */,
				CC03C2661D6052FD00AC1449 /* LaunchScreen.storyboard */,
				CC03C2691D6052FD00AC1449 /* Info.plist */,
				CC03C2581D6052FD00AC1449 /* Supporting Files */,
			);
			path = NewProject;
			sourceTree = "<group>";
		};
		CC03C2581D6052FD00AC1449 /* Supporting Files */ = {
			isa = PBXGroup;
			children = (
				CC03C2591D6052FD00AC1449 /* main.m */,
			);
			name = "Supporting Files";
			sourceTree = "<group>";
		};
		CC03C26F1D605AD200AC1449 /* Class */ = {
			isa = PBXGroup;
			children = (
				CC03C2701D605AD200AC1449 /* 项目类 */,
				CC03C2741D605AD200AC1449 /* 项目类1 */,
				CC03C2781D605AD200AC1449 /* 项目类2 */,
				CC03C27C1D605AD200AC1449 /* 项目类3 */,
			);
			path = Class;
			sourceTree = "<group>";
		};
		CC03C2701D605AD200AC1449 /* 项目类 */ = {
			isa = PBXGroup;
			children = (
				CC03C2711D605AD200AC1449 /* Controller */,
				CC03C2721D605AD200AC1449 /* Model */,
				CC03C2731D605AD200AC1449 /* View */,
			);
			path = "项目类";
			sourceTree = "<group>";
		};
		CC03C2711D605AD200AC1449 /* Controller */ = {
			isa = PBXGroup;
			children = (
			);
			path = Controller;
			sourceTree = "<group>";
		};
		CC03C2721D605AD200AC1449 /* Model */ = {
			isa = PBXGroup;
			children = (
			);
			path = Model;
			sourceTree = "<group>";
		};
		CC03C2731D605AD200AC1449 /* View */ = {
			isa = PBXGroup;
			children = (
			);
			path = View;
			sourceTree = "<group>";
		};
		CC03C2741D605AD200AC1449 /* 项目类1 */ = {
			isa = PBXGroup;
			children = (
				CC03C2751D605AD200AC1449 /* Controller */,
				CC03C2761D605AD200AC1449 /* Model */,
				CC03C2771D605AD200AC1449 /* View */,
			);
			path = "项目类1";
			sourceTree = "<group>";
		};
		CC03C2751D605AD200AC1449 /* Controller */ = {
			isa = PBXGroup;
			children = (
			);
			path = Controller;
			sourceTree = "<group>";
		};
		CC03C2761D605AD200AC1449 /* Model */ = {
			isa = PBXGroup;
			children = (
			);
			path = Model;
			sourceTree = "<group>";
		};
		CC03C2771D605AD200AC1449 /* View */ = {
			isa = PBXGroup;
			children = (
			);
			path = View;
			sourceTree = "<group>";
		};
		CC03C2781D605AD200AC1449 /* 项目类2 */ = {
			isa = PBXGroup;
			children = (
				CC03C2791D605AD200AC1449 /* Controller */,
				CC03C27A1D605AD200AC1449 /* Model */,
				CC03C27B1D605AD200AC1449 /* View */,
			);
			path = "项目类2";
			sourceTree = "<group>";
		};
		CC03C2791D605AD200AC1449 /* Controller */ = {
			isa = PBXGroup;
			children = (
			);
			path = Controller;
			sourceTree = "<group>";
		};
		CC03C27A1D605AD200AC1449 /* Model */ = {
			isa = PBXGroup;
			children = (
			);
			path = Model;
			sourceTree = "<group>";
		};
		CC03C27B1D605AD200AC1449 /* View */ = {
			isa = PBXGroup;
			children = (
			);
			path = View;
			sourceTree = "<group>";
		};
		CC03C27C1D605AD200AC1449 /* 项目类3 */ = {
			isa = PBXGroup;
			children = (
				CC03C27D1D605AD200AC1449 /* Controller */,
				CC03C27E1D605AD200AC1449 /* Model */,
				CC03C27F1D605AD200AC1449 /* View */,
			);
			path = "项目类3";
			sourceTree = "<group>";
		};
		CC03C27D1D605AD200AC1449 /* Controller */ = {
			isa = PBXGroup;
			children = (
			);
			path = Controller;
			sourceTree = "<group>";
		};
		CC03C27E1D605AD200AC1449 /* Model */ = {
			isa = PBXGroup;
			children = (
			);
			path = Model;
			sourceTree = "<group>";
		};
		CC03C27F1D605AD200AC1449 /* View */ = {
			isa = PBXGroup;
			children = (
			);
			path = View;
			sourceTree = "<group>";
		};
		CC03C2801D605AD200AC1449 /* Class1 */ = {
			isa = PBXGroup;
			children = (
				CC03C2811D605AD200AC1449 /* 项目类 */,
				CC03C2851D605AD200AC1449 /* 项目类1 */,
				CC03C2891D605AD200AC1449 /* 项目类2 */,
				CC03C28D1D605AD200AC1449 /* 项目类3 */,
			);
			path = Class1;
			sourceTree = "<group>";
		};
		CC03C2811D605AD200AC1449 /* 项目类 */ = {
			isa = PBXGroup;
			children = (
				CC03C2821D605AD200AC1449 /* Controller */,
				CC03C2831D605AD200AC1449 /* Model */,
				CC03C2841D605AD200AC1449 /* View */,
			);
			path = "项目类";
			sourceTree = "<group>";
		};
		CC03C2821D605AD200AC1449 /* Controller */ = {
			isa = PBXGroup;
			children = (
			);
			path = Controller;
			sourceTree = "<group>";
		};
		CC03C2831D605AD200AC1449 /* Model */ = {
			isa = PBXGroup;
			children = (
			);
			path = Model;
			sourceTree = "<group>";
		};
		CC03C2841D605AD200AC1449 /* View */ = {
			isa = PBXGroup;
			children = (
			);
			path = View;
			sourceTree = "<group>";
		};
		CC03C2851D605AD200AC1449 /* 项目类1 */ = {
			isa = PBXGroup;
			children = (
				CC03C2861D605AD200AC1449 /* Controller */,
				CC03C2871D605AD200AC1449 /* Model */,
				CC03C2881D605AD200AC1449 /* View */,
			);
			path = "项目类1";
			sourceTree = "<group>";
		};
		CC03C2861D605AD200AC1449 /* Controller */ = {
			isa = PBXGroup;
			children = (
			);
			path = Controller;
			sourceTree = "<group>";
		};
		CC03C2871D605AD200AC1449 /* Model */ = {
			isa = PBXGroup;
			children = (
			);
			path = Model;
			sourceTree = "<group>";
		};
		CC03C2881D605AD200AC1449 /* View */ = {
			isa = PBXGroup;
			children = (
			);
			path = View;
			sourceTree = "<group>";
		};
		CC03C2891D605AD200AC1449 /* 项目类2 */ = {
			isa = PBXGroup;
			children = (
				CC03C28A1D605AD200AC1449 /* Controller */,
				CC03C28B1D605AD200AC1449 /* Model */,
				CC03C28C1D605AD200AC1449 /* View */,
			);
			path = "项目类2";
			sourceTree = "<group>";
		};
		CC03C28A1D605AD200AC1449 /* Controller */ = {
			isa = PBXGroup;
			children = (
			);
			path = Controller;
			sourceTree = "<group>";
		};
		CC03C28B1D605AD200AC1449 /* Model */ = {
			isa = PBXGroup;
			children = (
			);
			path = Model;
			sourceTree = "<group>";
		};
		CC03C28C1D605AD200AC1449 /* View */ = {
			isa = PBXGroup;
			children = (
			);
			path = View;
			sourceTree = "<group>";
		};
		CC03C28D1D605AD200AC1449 /* 项目类3 */ = {
			isa = PBXGroup;
			children = (
				CC03C28E1D605AD200AC1449 /* Controller */,
				CC03C28F1D605AD200AC1449 /* Model */,
				CC03C2901D605AD200AC1449 /* View */,
			);
			path = "项目类3";
			sourceTree = "<group>";
		};
		CC03C28E1D605AD200AC1449 /* Controller */ = {
			isa = PBXGroup;
			children = (
			);
			path = Controller;
			sourceTree = "<group>";
		};
		CC03C28F1D605AD200AC1449 /* Model */ = {
			isa = PBXGroup;
			children = (
			);
			path = Model;
			sourceTree = "<group>";
		};
		CC03C2901D605AD200AC1449 /* View */ = {
			isa = PBXGroup;
			children = (
			);
			path = View;
			sourceTree = "<group>";
		};
		CC03C2911D605AD200AC1449 /* Class2 */ = {
			isa = PBXGroup;
			children = (
				CC03C2921D605AD200AC1449 /* 项目类 */,
				CC03C2961D605AD200AC1449 /* 项目类1 */,
				CC03C29A1D605AD200AC1449 /* 项目类2 */,
				CC03C29E1D605AD200AC1449 /* 项目类3 */,
			);
			path = Class2;
			sourceTree = "<group>";
		};
		CC03C2921D605AD200AC1449 /* 项目类 */ = {
			isa = PBXGroup;
			children = (
				CC03C2931D605AD200AC1449 /* Controller */,
				CC03C2941D605AD200AC1449 /* Model */,
				CC03C2951D605AD200AC1449 /* View */,
			);
			path = "项目类";
			sourceTree = "<group>";
		};
		CC03C2931D605AD200AC1449 /* Controller */ = {
			isa = PBXGroup;
			children = (
			);
			path = Controller;
			sourceTree = "<group>";
		};
		CC03C2941D605AD200AC1449 /* Model */ = {
			isa = PBXGroup;
			children = (
			);
			path = Model;
			sourceTree = "<group>";
		};
		CC03C2951D605AD200AC1449 /* View */ = {
			isa = PBXGroup;
			children = (
			);
			path = View;
			sourceTree = "<group>";
		};
		CC03C2961D605AD200AC1449 /* 项目类1 */ = {
			isa = PBXGroup;
			children = (
				CC03C2971D605AD200AC1449 /* Controller */,
				CC03C2981D605AD200AC1449 /* Model */,
				CC03C2991D605AD200AC1449 /* View */,
			);
			path = "项目类1";
			sourceTree = "<group>";
		};
		CC03C2971D605AD200AC1449 /* Controller */ = {
			isa = PBXGroup;
			children = (
			);
			path = Controller;
			sourceTree = "<group>";
		};
		CC03C2981D605AD200AC1449 /* Model */ = {
			isa = PBXGroup;
			children = (
			);
			path = Model;
			sourceTree = "<group>";
		};
		CC03C2991D605AD200AC1449 /* View */ = {
			isa = PBXGroup;
			children = (
			);
			path = View;
			sourceTree = "<group>";
		};
		CC03C29A1D605AD200AC1449 /* 项目类2 */ = {
			isa = PBXGroup;
			children = (
				CC03C29B1D605AD200AC1449 /* Controller */,
				CC03C29C1D605AD200AC1449 /* Model */,
				CC03C29D1D605AD200AC1449 /* View */,
			);
			path = "项目类2";
			sourceTree = "<group>";
		};
		CC03C29B1D605AD200AC1449 /* Controller */ = {
			isa = PBXGroup;
			children = (
			);
			path = Controller;
			sourceTree = "<group>";
		};
		CC03C29C1D605AD200AC1449 /* Model */ = {
			isa = PBXGroup;
			children = (
			);
			path = Model;
			sourceTree = "<group>";
		};
		CC03C29D1D605AD200AC1449 /* View */ = {
			isa = PBXGroup;
			children = (
			);
			path = View;
			sourceTree = "<group>";
		};
		CC03C29E1D605AD200AC1449 /* 项目类3 */ = {
			isa = PBXGroup;
			children = (
				CC03C29F1D605AD200AC1449 /* Controller */,
				CC03C2A01D605AD200AC1449 /* Model */,
				CC03C2A11D605AD200AC1449 /* View */,
			);
			path = "项目类3";
			sourceTree = "<group>";
		};
		CC03C29F1D605AD200AC1449 /* Controller */ = {
			isa = PBXGroup;
			children = (
			);
			path = Controller;
			sourceTree = "<group>";
		};
		CC03C2A01D605AD200AC1449 /* Model */ = {
			isa = PBXGroup;
			children = (
			);
			path = Model;
			sourceTree = "<group>";
		};
		CC03C2A11D605AD200AC1449 /* View */ = {
			isa = PBXGroup;
			children = (
			);
			path = View;
			sourceTree = "<group>";
		};
		CC03C2A21D605AD200AC1449 /* Class3 */ = {
			isa = PBXGroup;
			children = (
				CC03C2A31D605AD200AC1449 /* 项目类 */,
				CC03C2A71D605AD200AC1449 /* 项目类1 */,
				CC03C2AB1D605AD200AC1449 /* 项目类2 */,
				CC03C2AF1D605AD200AC1449 /* 项目类3 */,
			);
			path = Class3;
			sourceTree = "<group>";
		};
		CC03C2A31D605AD200AC1449 /* 项目类 */ = {
			isa = PBXGroup;
			children = (
				CC03C2A41D605AD200AC1449 /* Controller */,
				CC03C2A51D605AD200AC1449 /* Model */,
				CC03C2A61D605AD200AC1449 /* View */,
			);
			path = "项目类";
			sourceTree = "<group>";
		};
		CC03C2A41D605AD200AC1449 /* Controller */ = {
			isa = PBXGroup;
			children = (
			);
			path = Controller;
			sourceTree = "<group>";
		};
		CC03C2A51D605AD200AC1449 /* Model */ = {
			isa = PBXGroup;
			children = (
			);
			path = Model;
			sourceTree = "<group>";
		};
		CC03C2A61D605AD200AC1449 /* View */ = {
			isa = PBXGroup;
			children = (
			);
			path = View;
			sourceTree = "<group>";
		};
		CC03C2A71D605AD200AC1449 /* 项目类1 */ = {
			isa = PBXGroup;
			children = (
				CC03C2A81D605AD200AC1449 /* Controller */,
				CC03C2A91D605AD200AC1449 /* Model */,
				CC03C2AA1D605AD200AC1449 /* View */,
			);
			path = "项目类1";
			sourceTree = "<group>";
		};
		CC03C2A81D605AD200AC1449 /* Controller */ = {
			isa = PBXGroup;
			children = (
			);
			path = Controller;
			sourceTree = "<group>";
		};
		CC03C2A91D605AD200AC1449 /* Model */ = {
			isa = PBXGroup;
			children = (
			);
			path = Model;
			sourceTree = "<group>";
		};
		CC03C2AA1D605AD200AC1449 /* View */ = {
			isa = PBXGroup;
			children = (
			);
			path = View;
			sourceTree = "<group>";
		};
		CC03C2AB1D605AD200AC1449 /* 项目类2 */ = {
			isa = PBXGroup;
			children = (
				CC03C2AC1D605AD200AC1449 /* Controller */,
				CC03C2AD1D605AD200AC1449 /* Model */,
				CC03C2AE1D605AD200AC1449 /* View */,
			);
			path = "项目类2";
			sourceTree = "<group>";
		};
		CC03C2AC1D605AD200AC1449 /* Controller */ = {
			isa = PBXGroup;
			children = (
			);
			path = Controller;
			sourceTree = "<group>";
		};
		CC03C2AD1D605AD200AC1449 /* Model */ = {
			isa = PBXGroup;
			children = (
			);
			path = Model;
			sourceTree = "<group>";
		};
		CC03C2AE1D605AD200AC1449 /* View */ = {
			isa = PBXGroup;
			children = (
			);
			path = View;
			sourceTree = "<group>";
		};
		CC03C2AF1D605AD200AC1449 /* 项目类3 */ = {
			isa = PBXGroup;
			children = (
				CC03C2B01D605AD200AC1449 /* Controller */,
				CC03C2B11D605AD200AC1449 /* Model */,
				CC03C2B21D605AD200AC1449 /* View */,
			);
			path = "项目类3";
			sourceTree = "<group>";
		};
		CC03C2B01D605AD200AC1449 /* Controller */ = {
			isa = PBXGroup;
			children = (
			);
			path = Controller;
			sourceTree = "<group>";
		};
		CC03C2B11D605AD200AC1449 /* Model */ = {
			isa = PBXGroup;
			children = (
			);
			path = Model;
			sourceTree = "<group>";
		};
		CC03C2B21D605AD200AC1449 /* View */ = {
			isa = PBXGroup;
			children = (
			);
			path = View;
			sourceTree = "<group>";
		};
		CC03C2B31D605AD200AC1449 /* Class4 */ = {
			isa = PBXGroup;
			children = (
				CC03C2B41D605AD200AC1449 /* 项目类 */,
				CC03C2B81D605AD200AC1449 /* 项目类1 */,
				CC03C2BC1D605AD200AC1449 /* 项目类2 */,
				CC03C2C01D605AD200AC1449 /* 项目类3 */,
			);
			path = Class4;
			sourceTree = "<group>";
		};
		CC03C2B41D605AD200AC1449 /* 项目类 */ = {
			isa = PBXGroup;
			children = (
				CC03C2B51D605AD200AC1449 /* Controller */,
				CC03C2B61D605AD200AC1449 /* Model */,
				CC03C2B71D605AD200AC1449 /* View */,
			);
			path = "项目类";
			sourceTree = "<group>";
		};
		CC03C2B51D605AD200AC1449 /* Controller */ = {
			isa = PBXGroup;
			children = (
			);
			path = Controller;
			sourceTree = "<group>";
		};
		CC03C2B61D605AD200AC1449 /* Model */ = {
			isa = PBXGroup;
			children = (
			);
			path = Model;
			sourceTree = "<group>";
		};
		CC03C2B71D605AD200AC1449 /* View */ = {
			isa = PBXGroup;
			children = (
			);
			path = View;
			sourceTree = "<group>";
		};
		CC03C2B81D605AD200AC1449 /* 项目类1 */ = {
			isa = PBXGroup;
			children = (
				CC03C2B91D605AD200AC1449 /* Controller */,
				CC03C2BA1D605AD200AC1449 /* Model */,
				CC03C2BB1D605AD200AC1449 /* View */,
			);
			path = "项目类1";
			sourceTree = "<group>";
		};
		CC03C2B91D605AD200AC1449 /* Controller */ = {
			isa = PBXGroup;
			children = (
			);
			path = Controller;
			sourceTree = "<group>";
		};
		CC03C2BA1D605AD200AC1449 /* Model */ = {
			isa = PBXGroup;
			children = (
			);
			path = Model;
			sourceTree = "<group>";
		};
		CC03C2BB1D605AD200AC1449 /* View */ = {
			isa = PBXGroup;
			children = (
			);
			path = View;
			sourceTree = "<group>";
		};
		CC03C2BC1D605AD200AC1449 /* 项目类2 */ = {
			isa = PBXGroup;
			children = (
				CC03C2BD1D605AD200AC1449 /* Controller */,
				CC03C2BE1D605AD200AC1449 /* Model */,
				CC03C2BF1D605AD200AC1449 /* View */,
			);
			path = "项目类2";
			sourceTree = "<group>";
		};
		CC03C2BD1D605AD200AC1449 /* Controller */ = {
			isa = PBXGroup;
			children = (
			);
			path = Controller;
			sourceTree = "<group>";
		};
		CC03C2BE1D605AD200AC1449 /* Model */ = {
			isa = PBXGroup;
			children = (
			);
			path = Model;
			sourceTree = "<group>";
		};
		CC03C2BF1D605AD200AC1449 /* View */ = {
			isa = PBXGroup;
			children = (
			);
			path = View;
			sourceTree = "<group>";
		};
		CC03C2C01D605AD200AC1449 /* 项目类3 */ = {
			isa = PBXGroup;
			children = (
				CC03C2C11D605AD200AC1449 /* Controller */,
				CC03C2C21D605AD200AC1449 /* Model */,
				CC03C2C31D605AD200AC1449 /* View */,
			);
			path = "项目类3";
			sourceTree = "<group>";
		};
		CC03C2C11D605AD200AC1449 /* Controller */ = {
			isa = PBXGroup;
			children = (
			);
			path = Controller;
			sourceTree = "<group>";
		};
		CC03C2C21D605AD200AC1449 /* Model */ = {
			isa = PBXGroup;
			children = (
			);
			path = Model;
			sourceTree = "<group>";
		};
		CC03C2C31D605AD200AC1449 /* View */ = {
			isa = PBXGroup;
			children = (
			);
			path = View;
			sourceTree = "<group>";
		};
/* End PBXGroup section */

/* Begin PBXNativeTarget section */
		CC03C2541D6052FD00AC1449 /* NewProject */ = {
			isa = PBXNativeTarget;
			buildConfigurationList = CC03C26C1D6052FD00AC1449 /* Build configuration list for PBXNativeTarget "NewProject" */;
			buildPhases = (
				CC03C2511D6052FD00AC1449 /* Sources */,
				CC03C2521D6052FD00AC1449 /* Frameworks */,
				CC03C2531D6052FD00AC1449 /* Resources */,
			);
			buildRules = (
			);
			dependencies = (
			);
			name = NewProject;
			productName = NewProject;
			productReference = CC03C2551D6052FD00AC1449 /* NewProject.app */;
			productType = "com.apple.product-type.application";
		};
/* End PBXNativeTarget section */

/* Begin PBXProject section */
		CC03C24D1D6052FD00AC1449 /* Project object */ = {
			isa = PBXProject;
			attributes = {
				LastUpgradeCheck = 0730;
				ORGANIZATIONNAME = qingyun;
				TargetAttributes = {
					CC03C2541D6052FD00AC1449 = {
						CreatedOnToolsVersion = 7.3;
					};
				};
			};
			buildConfigurationList = CC03C2501D6052FD00AC1449 /* Build configuration list for PBXProject "NewProject" */;
			compatibilityVersion = "Xcode 3.2";
			developmentRegion = English;
			hasScannedForEncodings = 0;
			knownRegions = (
				en,
				Base,
			);
			mainGroup = CC03C24C1D6052FD00AC1449;
			productRefGroup = CC03C2561D6052FD00AC1449 /* Products */;
			projectDirPath = "";
			projectRoot = "";
			targets = (
				CC03C2541D6052FD00AC1449 /* NewProject */,
			);
		};
/* End PBXProject section */

/* Begin PBXResourcesBuildPhase section */
		CC03C2531D6052FD00AC1449 /* Resources */ = {
			isa = PBXResourcesBuildPhase;
			buildActionMask = 2147483647;
			files = (
				CC03C2681D6052FD00AC1449 /* LaunchScreen.storyboard in Resources */,
				CC03C2651D6052FD00AC1449 /* Assets.xcassets in Resources */,
				CC03C2631D6052FD00AC1449 /* Main.storyboard in Resources */,
			);
			runOnlyForDeploymentPostprocessing = 0;
		};
/* End PBXResourcesBuildPhase section */

/* Begin PBXSourcesBuildPhase section */
		CC03C2511D6052FD00AC1449 /* Sources */ = {
			isa = PBXSourcesBuildPhase;
			buildActionMask = 2147483647;
			files = (
				CC03C2601D6052FD00AC1449 /* ViewController.m in Sources */,
				CC03C25D1D6052FD00AC1449 /* AppDelegate.m in Sources */,
				CC03C25A1D6052FD00AC1449 /* main.m in Sources */,
			);
			runOnlyForDeploymentPostprocessing = 0;
		};
/* End PBXSourcesBuildPhase section */

/* Begin PBXVariantGroup section */
		CC03C2611D6052FD00AC1449 /* Main.storyboard */ = {
			isa = PBXVariantGroup;
			children = (
				CC03C2621D6052FD00AC1449 /* Base */,
			);
			name = Main.storyboard;
			sourceTree = "<group>";
		};
		CC03C2661D6052FD00AC1449 /* LaunchScreen.storyboard */ = {
			isa = PBXVariantGroup;
			children = (
				CC03C2671D6052FD00AC1449 /* Base */,
			);
			name = LaunchScreen.storyboard;
			sourceTree = "<group>";
		};
/* End PBXVariantGroup section */

/* Begin XCBuildConfiguration section */
		CC03C26A1D6052FD00AC1449 /* Debug */ = {
			isa = XCBuildConfiguration;
			buildSettings = {
				ALWAYS_SEARCH_USER_PATHS = NO;
				CLANG_ANALYZER_NONNULL = YES;
				CLANG_CXX_LANGUAGE_STANDARD = "gnu++0x";
				CLANG_CXX_LIBRARY = "libc++";
				CLANG_ENABLE_MODULES = YES;
				CLANG_ENABLE_OBJC_ARC = YES;
				CLANG_WARN_BOOL_CONVERSION = YES;
				CLANG_WARN_CONSTANT_CONVERSION = YES;
				CLANG_WARN_DIRECT_OBJC_ISA_USAGE = YES_ERROR;
				CLANG_WARN_EMPTY_BODY = YES;
				CLANG_WARN_ENUM_CONVERSION = YES;
				CLANG_WARN_INT_CONVERSION = YES;
				CLANG_WARN_OBJC_ROOT_CLASS = YES_ERROR;
				CLANG_WARN_UNREACHABLE_CODE = YES;
				CLANG_WARN__DUPLICATE_METHOD_MATCH = YES;
				"CODE_SIGN_IDENTITY[sdk=iphoneos*]" = "iPhone Developer";
				COPY_PHASE_STRIP = NO;
				DEBUG_INFORMATION_FORMAT = dwarf;
				ENABLE_STRICT_OBJC_MSGSEND = YES;
				ENABLE_TESTABILITY = YES;
				GCC_C_LANGUAGE_STANDARD = gnu99;
				GCC_DYNAMIC_NO_PIC = NO;
				GCC_NO_COMMON_BLOCKS = YES;
				GCC_OPTIMIZATION_LEVEL = 0;
				GCC_PREPROCESSOR_DEFINITIONS = (
					"DEBUG=1",
					"$(inherited)",
				);
				GCC_WARN_64_TO_32_BIT_CONVERSION = YES;
				GCC_WARN_ABOUT_RETURN_TYPE = YES_ERROR;
				GCC_WARN_UNDECLARED_SELECTOR = YES;
				GCC_WARN_UNINITIALIZED_AUTOS = YES_AGGRESSIVE;
				GCC_WARN_UNUSED_FUNCTION = YES;
				GCC_WARN_UNUSED_VARIABLE = YES;
				IPHONEOS_DEPLOYMENT_TARGET = 9.3;
				MTL_ENABLE_DEBUG_INFO = YES;
				ONLY_ACTIVE_ARCH = YES;
				SDKROOT = iphoneos;
				TARGETED_DEVICE_FAMILY = "1,2";
			};
			name = Debug;
		};
		CC03C26B1D6052FD00AC1449 /* Release */ = {
			isa = XCBuildConfiguration;
			buildSettings = {
				ALWAYS_SEARCH_USER_PATHS = NO;
				CLANG_ANALYZER_NONNULL = YES;
				CLANG_CXX_LANGUAGE_STANDARD = "gnu++0x";
				CLANG_CXX_LIBRARY = "libc++";
				CLANG_ENABLE_MODULES = YES;
				CLANG_ENABLE_OBJC_ARC = YES;
				CLANG_WARN_BOOL_CONVERSION = YES;
				CLANG_WARN_CONSTANT_CONVERSION = YES;
				CLANG_WARN_DIRECT_OBJC_ISA_USAGE = YES_ERROR;
				CLANG_WARN_EMPTY_BODY = YES;
				CLANG_WARN_ENUM_CONVERSION = YES;
				CLANG_WARN_INT_CONVERSION = YES;
				CLANG_WARN_OBJC_ROOT_CLASS = YES_ERROR;
				CLANG_WARN_UNREACHABLE_CODE = YES;
				CLANG_WARN__DUPLICATE_METHOD_MATCH = YES;
				"CODE_SIGN_IDENTITY[sdk=iphoneos*]" = "iPhone Developer";
				COPY_PHASE_STRIP = NO;
				DEBUG_INFORMATION_FORMAT = "dwarf-with-dsym";
				ENABLE_NS_ASSERTIONS = NO;
				ENABLE_STRICT_OBJC_MSGSEND = YES;
				GCC_C_LANGUAGE_STANDARD = gnu99;
				GCC_NO_COMMON_BLOCKS = YES;
				GCC_WARN_64_TO_32_BIT_CONVERSION = YES;
				GCC_WARN_ABOUT_RETURN_TYPE = YES_ERROR;
				GCC_WARN_UNDECLARED_SELECTOR = YES;
				GCC_WARN_UNINITIALIZED_AUTOS = YES_AGGRESSIVE;
				GCC_WARN_UNUSED_FUNCTION = YES;
				GCC_WARN_UNUSED_VARIABLE = YES;
				IPHONEOS_DEPLOYMENT_TARGET = 9.3;
				MTL_ENABLE_DEBUG_INFO = NO;
				SDKROOT = iphoneos;
				TARGETED_DEVICE_FAMILY = "1,2";
				VALIDATE_PRODUCT = YES;
			};
			name = Release;
		};
		CC03C26D1D6052FD00AC1449 /* Debug */ = {
			isa = XCBuildConfiguration;
			buildSettings = {
				ASSETCATALOG_COMPILER_APPICON_NAME = AppIcon;
				INFOPLIST_FILE = NewProject/Info.plist;
				LD_RUNPATH_SEARCH_PATHS = "$(inherited) @executable_path/Frameworks";
				PRODUCT_BUNDLE_IDENTIFIER = qingyun.NewProject;
				PRODUCT_NAME = "$(TARGET_NAME)";
			};
			name = Debug;
		};
		CC03C26E1D6052FD00AC1449 /* Release */ = {
			isa = XCBuildConfiguration;
			buildSettings = {
				ASSETCATALOG_COMPILER_APPICON_NAME = AppIcon;
				INFOPLIST_FILE = NewProject/Info.plist;
				LD_RUNPATH_SEARCH_PATHS = "$(inherited) @executable_path/Frameworks";
				PRODUCT_BUNDLE_IDENTIFIER = qingyun.NewProject;
				PRODUCT_NAME = "$(TARGET_NAME)";
			};
			name = Release;
		};
/* End XCBuildConfiguration section */

/* Begin XCConfigurationList section */
		CC03C2501D6052FD00AC1449 /* Build configuration list for PBXProject "NewProject" */ = {
			isa = XCConfigurationList;
			buildConfigurations = (
				CC03C26A1D6052FD00AC1449 /* Debug */,
				CC03C26B1D6052FD00AC1449 /* Release */,
			);
			defaultConfigurationIsVisible = 0;
			defaultConfigurationName = Release;
		};
		CC03C26C1D6052FD00AC1449 /* Build configuration list for PBXNativeTarget "NewProject" */ = {
			isa = XCConfigurationList;
			buildConfigurations = (
				CC03C26D1D6052FD00AC1449 /* Debug */,
				CC03C26E1D6052FD00AC1449 /* Release */,
			);
			defaultConfigurationIsVisible = 0;
			defaultConfigurationName = Release;
		};
/* End XCConfigurationList section */
	};
	rootObject = CC03C24D1D6052FD00AC1449 /* Project object */;
}
